
Microsoft Visual Studio Solution File, Format Version 12.00
# Visual Studio 15
VisualStudioVersion = 15.0.28307.421
MinimumVisualStudioVersion = 10.0.40219.1
Project("{8BC9CEB8-8B4A-11D0-8D11-00A0C91BC942}") = "flacapp", "thirdparty\flac-1.3.4\src\flac\flacapp.vcxproj", "{52B0763B-B3FF-36D4-86B1-7C112BFB02B1}"
	ProjectSection(ProjectDependencies) = postProject
		{5557D8AD-148B-3DCF-A21A-C40A975EF5B0} = {5557D8AD-148B-3DCF-A21A-C40A975EF5B0}
		{CE35F6AF-18C1-3626-97DC-664673CC99CB} = {CE35F6AF-18C1-3626-97DC-664673CC99CB}
		{7756C8B3-B2B2-32F0-A5E3-8639393C9EDC} = {7756C8B3-B2B2-32F0-A5E3-8639393C9EDC}
		{90DE5FFB-13AA-3A1E-A532-3639A1B17358} = {90DE5FFB-13AA-3A1E-A532-3639A1B17358}
	EndProjectSection
EndProject
Project("{8BC9CEB8-8B4A-11D0-8D11-00A0C91BC942}") = "metaflac", "thirdparty\flac-1.3.4\src\metaflac\metaflac.vcxproj", "{DF191189-DE10-323A-ADD1-63923D7F21F0}"
	ProjectSection(ProjectDependencies) = postProject
		{CE35F6AF-18C1-3626-97DC-664673CC99CB} = {CE35F6AF-18C1-3626-97DC-664673CC99CB}
		{7756C8B3-B2B2-32F0-A5E3-8639393C9EDC} = {7756C8B3-B2B2-32F0-A5E3-8639393C9EDC}
		{90DE5FFB-13AA-3A1E-A532-3639A1B17358} = {90DE5FFB-13AA-3A1E-A532-3639A1B17358}
	EndProjectSection
EndProject
Project("{2150E333-8FDC-42A3-9474-1A3956D46DE8}") = "0_thirdparty_flac", "0_thirdparty_flac", "{E08554BE-9528-4D82-8D32-1D4301BE1AEA}"
EndProject
Project("{2150E333-8FDC-42A3-9474-1A3956D46DE8}") = "1_flac", "1_flac", "{5518EFF9-1BA4-410E-9500-1195FBA604B6}"
EndProject
Project("{8BC9CEB8-8B4A-11D0-8D11-00A0C91BC942}") = "flac", "thirdparty\flac-1.3.4\src\libFLAC\FLAC.vcxproj", "{CE35F6AF-18C1-3626-97DC-664673CC99CB}"
EndProject
Project("{8BC9CEB8-8B4A-11D0-8D11-00A0C91BC942}") = "flac++", "thirdparty\flac-1.3.4\src\libFLAC++\FLAC++.vcxproj", "{BD353862-FE43-3D7F-A149-50E3F681EA1A}"
	ProjectSection(ProjectDependencies) = postProject
		{CE35F6AF-18C1-3626-97DC-664673CC99CB} = {CE35F6AF-18C1-3626-97DC-664673CC99CB}
	EndProjectSection
EndProject
Project("{2150E333-8FDC-42A3-9474-1A3956D46DE8}") = "2_exe", "2_exe", "{AC56B555-8F5B-401D-8841-17607DB8A617}"
EndProject
Project("{2150E333-8FDC-42A3-9474-1A3956D46DE8}") = "1_demo", "1_demo", "{82EF453B-4E54-4F85-8971-BA5EC8C0EBD0}"
EndProject
Project("{8BC9CEB8-8B4A-11D0-8D11-00A0C91BC942}") = "test_cuesheet", "demo\test_grabbag\cuesheet\test_cuesheet.vcxproj", "{38491DBA-9FD5-3551-9BAF-995D00F55E8E}"
EndProject
Project("{8BC9CEB8-8B4A-11D0-8D11-00A0C91BC942}") = "test_picture", "demo\test_grabbag\picture\test_picture.vcxproj", "{F08064D1-D984-38DB-94E1-C24578CD8611}"
EndProject
Project("{8BC9CEB8-8B4A-11D0-8D11-00A0C91BC942}") = "test_libFLAC", "demo\test_libFLAC\test_libFLAC.vcxproj", "{D13EEA51-769B-3D07-9B3F-1F88F926A1FB}"
	ProjectSection(ProjectDependencies) = postProject
		{A6650BE8-3970-4B16-96DD-D4D936B8A862} = {A6650BE8-3970-4B16-96DD-D4D936B8A862}
	EndProjectSection
EndProject
Project("{8BC9CEB8-8B4A-11D0-8D11-00A0C91BC942}") = "test_libFLAC++", "demo\test_libFLAC++\test_libFLAC++.vcxproj", "{BDE15330-7481-3050-BED4-31AEAA8B346E}"
EndProject
Project("{8BC9CEB8-8B4A-11D0-8D11-00A0C91BC942}") = "test_libs_common", "demo\test_libs_common\test_libs_common.vcxproj", "{87306063-DC07-3908-8B60-0C24EF221C3E}"
EndProject
Project("{8BC9CEB8-8B4A-11D0-8D11-00A0C91BC942}") = "test_seeking", "demo\test_seeking\test_seeking.vcxproj", "{B1E03378-6D10-3E15-B51A-92E3013431E6}"
EndProject
Project("{8BC9CEB8-8B4A-11D0-8D11-00A0C91BC942}") = "test_streams", "demo\test_streams\test_streams.vcxproj", "{6D4EE56B-B442-372F-90B6-521F14A757DB}"
EndProject
Project("{2150E333-8FDC-42A3-9474-1A3956D46DE8}") = "examples", "examples", "{703D71DE-63D6-4D30-9025-982ACBAF68A4}"
EndProject
Project("{8BC9CEB8-8B4A-11D0-8D11-00A0C91BC942}") = "decode_file", "demo\examples\c\decode\file\decode_file.vcxproj", "{C10D82DB-45B3-3A11-9DCF-AAC1C9AA50D8}"
EndProject
Project("{8BC9CEB8-8B4A-11D0-8D11-00A0C91BC942}") = "encode_file", "demo\examples\c\encode\file\encode_file.vcxproj", "{08B706DC-6001-3DB5-B77C-2D9E38C8A719}"
EndProject
Project("{8BC9CEB8-8B4A-11D0-8D11-00A0C91BC942}") = "decode_file_cxx", "demo\examples\cpp\decode\file\decode_file_cxx.vcxproj", "{40897C47-4598-3473-94BF-15CC648A76BB}"
EndProject
Project("{8BC9CEB8-8B4A-11D0-8D11-00A0C91BC942}") = "encode_file_cxx", "demo\examples\cpp\encode\file\encode_file_cxx.vcxproj", "{C9390A50-92AB-3348-8CD8-D187FA43F38D}"
EndProject
Project("{8BC9CEB8-8B4A-11D0-8D11-00A0C91BC942}") = "libflac", "thirdparty\flac-1.3.4\src\libFLAC\libflac.vcxproj", "{A6650BE8-3970-4B16-96DD-D4D936B8A862}"
EndProject
Project("{2150E333-8FDC-42A3-9474-1A3956D46DE8}") = "0_base", "0_base", "{B052D9C7-1211-4890-A3DE-61A2412B6D46}"
EndProject
Project("{8BC9CEB8-8B4A-11D0-8D11-00A0C91BC942}") = "libgetopt", "thirdparty\flac-1.3.4\src\getopt\libgetopt.vcxproj", "{CBA57C31-6A64-4B51-B22E-5B820B021322}"
EndProject
Project("{8BC9CEB8-8B4A-11D0-8D11-00A0C91BC942}") = "libgrabbag", "thirdparty\flac-1.3.4\src\grabbag\libgrabbag.vcxproj", "{166D77AD-E70D-3668-A955-DA35FDE667C3}"
EndProject
Project("{8BC9CEB8-8B4A-11D0-8D11-00A0C91BC942}") = "libreplaygain_analysis", "thirdparty\flac-1.3.4\src\replaygain_analysis\libreplaygain_analysis.vcxproj", "{7756C8B3-B2B2-32F0-A5E3-8639393C9EDC}"
EndProject
Project("{8BC9CEB8-8B4A-11D0-8D11-00A0C91BC942}") = "libreplaygain_synthesis", "thirdparty\flac-1.3.4\src\replaygain_synthesis\libreplaygain_synthesis.vcxproj", "{5557D8AD-148B-3DCF-A21A-C40A975EF5B0}"
EndProject
Project("{8BC9CEB8-8B4A-11D0-8D11-00A0C91BC942}") = "libutf8", "thirdparty\flac-1.3.4\src\utf8\libutf8.vcxproj", "{90DE5FFB-13AA-3A1E-A532-3639A1B17358}"
EndProject
Project("{8BC9CEB8-8B4A-11D0-8D11-00A0C91BC942}") = "libwin_utf8_io", "thirdparty\flac-1.3.4\src\win_utf8_io\libwin_utf8_io.vcxproj", "{A78DCBC4-077B-4884-A7F4-D9AF70EDB538}"
EndProject
Project("{2150E333-8FDC-42A3-9474-1A3956D46DE8}") = "utils", "utils", "{E57F3EEF-6481-4F76-B17F-2F9AF3357700}"
EndProject
Project("{2150E333-8FDC-42A3-9474-1A3956D46DE8}") = "test", "test", "{9DEEF96A-E47F-45FB-A580-037811462283}"
EndProject
Project("{8BC9CEB8-8B4A-11D0-8D11-00A0C91BC942}") = "flacdiff", "demo\utils\flacdiff\flacdiff.vcxproj", "{08FED1A3-87A6-427C-8523-C33D70FF289B}"
EndProject
Project("{8BC9CEB8-8B4A-11D0-8D11-00A0C91BC942}") = "flactimer", "demo\utils\flactimer\flactimer.vcxproj", "{099CC3CA-C422-42D9-BFDF-D0E46BA12635}"
EndProject
Global
	GlobalSection(SolutionConfigurationPlatforms) = preSolution
		Debug|x64 = Debug|x64
		Release|x64 = Release|x64
	EndGlobalSection
	GlobalSection(ProjectConfigurationPlatforms) = postSolution
		{52B0763B-B3FF-36D4-86B1-7C112BFB02B1}.Debug|x64.ActiveCfg = Debug|x64
		{52B0763B-B3FF-36D4-86B1-7C112BFB02B1}.Debug|x64.Build.0 = Debug|x64
		{52B0763B-B3FF-36D4-86B1-7C112BFB02B1}.Release|x64.ActiveCfg = Release|x64
		{52B0763B-B3FF-36D4-86B1-7C112BFB02B1}.Release|x64.Build.0 = Release|x64
		{DF191189-DE10-323A-ADD1-63923D7F21F0}.Debug|x64.ActiveCfg = Debug|x64
		{DF191189-DE10-323A-ADD1-63923D7F21F0}.Debug|x64.Build.0 = Debug|x64
		{DF191189-DE10-323A-ADD1-63923D7F21F0}.Release|x64.ActiveCfg = Release|x64
		{DF191189-DE10-323A-ADD1-63923D7F21F0}.Release|x64.Build.0 = Release|x64
		{CE35F6AF-18C1-3626-97DC-664673CC99CB}.Debug|x64.ActiveCfg = Debug|x64
		{CE35F6AF-18C1-3626-97DC-664673CC99CB}.Debug|x64.Build.0 = Debug|x64
		{CE35F6AF-18C1-3626-97DC-664673CC99CB}.Release|x64.ActiveCfg = Release|x64
		{CE35F6AF-18C1-3626-97DC-664673CC99CB}.Release|x64.Build.0 = Release|x64
		{BD353862-FE43-3D7F-A149-50E3F681EA1A}.Debug|x64.ActiveCfg = Debug|x64
		{BD353862-FE43-3D7F-A149-50E3F681EA1A}.Debug|x64.Build.0 = Debug|x64
		{BD353862-FE43-3D7F-A149-50E3F681EA1A}.Release|x64.ActiveCfg = Release|x64
		{BD353862-FE43-3D7F-A149-50E3F681EA1A}.Release|x64.Build.0 = Release|x64
		{38491DBA-9FD5-3551-9BAF-995D00F55E8E}.Debug|x64.ActiveCfg = Debug|x64
		{38491DBA-9FD5-3551-9BAF-995D00F55E8E}.Debug|x64.Build.0 = Debug|x64
		{38491DBA-9FD5-3551-9BAF-995D00F55E8E}.Release|x64.ActiveCfg = Release|x64
		{38491DBA-9FD5-3551-9BAF-995D00F55E8E}.Release|x64.Build.0 = Release|x64
		{F08064D1-D984-38DB-94E1-C24578CD8611}.Debug|x64.ActiveCfg = Debug|x64
		{F08064D1-D984-38DB-94E1-C24578CD8611}.Debug|x64.Build.0 = Debug|x64
		{F08064D1-D984-38DB-94E1-C24578CD8611}.Release|x64.ActiveCfg = Release|x64
		{F08064D1-D984-38DB-94E1-C24578CD8611}.Release|x64.Build.0 = Release|x64
		{D13EEA51-769B-3D07-9B3F-1F88F926A1FB}.Debug|x64.ActiveCfg = Debug|x64
		{D13EEA51-769B-3D07-9B3F-1F88F926A1FB}.Debug|x64.Build.0 = Debug|x64
		{D13EEA51-769B-3D07-9B3F-1F88F926A1FB}.Release|x64.ActiveCfg = Release|x64
		{D13EEA51-769B-3D07-9B3F-1F88F926A1FB}.Release|x64.Build.0 = Release|x64
		{BDE15330-7481-3050-BED4-31AEAA8B346E}.Debug|x64.ActiveCfg = Debug|x64
		{BDE15330-7481-3050-BED4-31AEAA8B346E}.Debug|x64.Build.0 = Debug|x64
		{BDE15330-7481-3050-BED4-31AEAA8B346E}.Release|x64.ActiveCfg = Release|x64
		{BDE15330-7481-3050-BED4-31AEAA8B346E}.Release|x64.Build.0 = Release|x64
		{87306063-DC07-3908-8B60-0C24EF221C3E}.Debug|x64.ActiveCfg = Debug|x64
		{87306063-DC07-3908-8B60-0C24EF221C3E}.Debug|x64.Build.0 = Debug|x64
		{87306063-DC07-3908-8B60-0C24EF221C3E}.Release|x64.ActiveCfg = Release|x64
		{87306063-DC07-3908-8B60-0C24EF221C3E}.Release|x64.Build.0 = Release|x64
		{B1E03378-6D10-3E15-B51A-92E3013431E6}.Debug|x64.ActiveCfg = Debug|x64
		{B1E03378-6D10-3E15-B51A-92E3013431E6}.Debug|x64.Build.0 = Debug|x64
		{B1E03378-6D10-3E15-B51A-92E3013431E6}.Release|x64.ActiveCfg = Release|x64
		{B1E03378-6D10-3E15-B51A-92E3013431E6}.Release|x64.Build.0 = Release|x64
		{6D4EE56B-B442-372F-90B6-521F14A757DB}.Debug|x64.ActiveCfg = Debug|x64
		{6D4EE56B-B442-372F-90B6-521F14A757DB}.Debug|x64.Build.0 = Debug|x64
		{6D4EE56B-B442-372F-90B6-521F14A757DB}.Release|x64.ActiveCfg = Release|x64
		{6D4EE56B-B442-372F-90B6-521F14A757DB}.Release|x64.Build.0 = Release|x64
		{C10D82DB-45B3-3A11-9DCF-AAC1C9AA50D8}.Debug|x64.ActiveCfg = Debug|x64
		{C10D82DB-45B3-3A11-9DCF-AAC1C9AA50D8}.Debug|x64.Build.0 = Debug|x64
		{C10D82DB-45B3-3A11-9DCF-AAC1C9AA50D8}.Release|x64.ActiveCfg = Release|x64
		{C10D82DB-45B3-3A11-9DCF-AAC1C9AA50D8}.Release|x64.Build.0 = Release|x64
		{08B706DC-6001-3DB5-B77C-2D9E38C8A719}.Debug|x64.ActiveCfg = Debug|x64
		{08B706DC-6001-3DB5-B77C-2D9E38C8A719}.Debug|x64.Build.0 = Debug|x64
		{08B706DC-6001-3DB5-B77C-2D9E38C8A719}.Release|x64.ActiveCfg = Release|x64
		{08B706DC-6001-3DB5-B77C-2D9E38C8A719}.Release|x64.Build.0 = Release|x64
		{40897C47-4598-3473-94BF-15CC648A76BB}.Debug|x64.ActiveCfg = Debug|x64
		{40897C47-4598-3473-94BF-15CC648A76BB}.Debug|x64.Build.0 = Debug|x64
		{40897C47-4598-3473-94BF-15CC648A76BB}.Release|x64.ActiveCfg = Release|x64
		{40897C47-4598-3473-94BF-15CC648A76BB}.Release|x64.Build.0 = Release|x64
		{C9390A50-92AB-3348-8CD8-D187FA43F38D}.Debug|x64.ActiveCfg = Debug|x64
		{C9390A50-92AB-3348-8CD8-D187FA43F38D}.Debug|x64.Build.0 = Debug|x64
		{C9390A50-92AB-3348-8CD8-D187FA43F38D}.Release|x64.ActiveCfg = Release|x64
		{C9390A50-92AB-3348-8CD8-D187FA43F38D}.Release|x64.Build.0 = Release|x64
		{A6650BE8-3970-4B16-96DD-D4D936B8A862}.Debug|x64.ActiveCfg = Debug|x64
		{A6650BE8-3970-4B16-96DD-D4D936B8A862}.Debug|x64.Build.0 = Debug|x64
		{A6650BE8-3970-4B16-96DD-D4D936B8A862}.Release|x64.ActiveCfg = Release|x64
		{A6650BE8-3970-4B16-96DD-D4D936B8A862}.Release|x64.Build.0 = Release|x64
		{CBA57C31-6A64-4B51-B22E-5B820B021322}.Debug|x64.ActiveCfg = Debug|x64
		{CBA57C31-6A64-4B51-B22E-5B820B021322}.Debug|x64.Build.0 = Debug|x64
		{CBA57C31-6A64-4B51-B22E-5B820B021322}.Release|x64.ActiveCfg = Release|x64
		{CBA57C31-6A64-4B51-B22E-5B820B021322}.Release|x64.Build.0 = Release|x64
		{166D77AD-E70D-3668-A955-DA35FDE667C3}.Debug|x64.ActiveCfg = Debug|x64
		{166D77AD-E70D-3668-A955-DA35FDE667C3}.Debug|x64.Build.0 = Debug|x64
		{166D77AD-E70D-3668-A955-DA35FDE667C3}.Release|x64.ActiveCfg = Release|x64
		{166D77AD-E70D-3668-A955-DA35FDE667C3}.Release|x64.Build.0 = Release|x64
		{7756C8B3-B2B2-32F0-A5E3-8639393C9EDC}.Debug|x64.ActiveCfg = Debug|x64
		{7756C8B3-B2B2-32F0-A5E3-8639393C9EDC}.Debug|x64.Build.0 = Debug|x64
		{7756C8B3-B2B2-32F0-A5E3-8639393C9EDC}.Release|x64.ActiveCfg = Release|x64
		{7756C8B3-B2B2-32F0-A5E3-8639393C9EDC}.Release|x64.Build.0 = Release|x64
		{5557D8AD-148B-3DCF-A21A-C40A975EF5B0}.Debug|x64.ActiveCfg = Debug|x64
		{5557D8AD-148B-3DCF-A21A-C40A975EF5B0}.Debug|x64.Build.0 = Debug|x64
		{5557D8AD-148B-3DCF-A21A-C40A975EF5B0}.Release|x64.ActiveCfg = Release|x64
		{5557D8AD-148B-3DCF-A21A-C40A975EF5B0}.Release|x64.Build.0 = Release|x64
		{90DE5FFB-13AA-3A1E-A532-3639A1B17358}.Debug|x64.ActiveCfg = Debug|x64
		{90DE5FFB-13AA-3A1E-A532-3639A1B17358}.Debug|x64.Build.0 = Debug|x64
		{90DE5FFB-13AA-3A1E-A532-3639A1B17358}.Release|x64.ActiveCfg = Release|x64
		{90DE5FFB-13AA-3A1E-A532-3639A1B17358}.Release|x64.Build.0 = Release|x64
		{A78DCBC4-077B-4884-A7F4-D9AF70EDB538}.Debug|x64.ActiveCfg = Debug|x64
		{A78DCBC4-077B-4884-A7F4-D9AF70EDB538}.Debug|x64.Build.0 = Debug|x64
		{A78DCBC4-077B-4884-A7F4-D9AF70EDB538}.Release|x64.ActiveCfg = Release|x64
		{A78DCBC4-077B-4884-A7F4-D9AF70EDB538}.Release|x64.Build.0 = Release|x64
		{08FED1A3-87A6-427C-8523-C33D70FF289B}.Debug|x64.ActiveCfg = Debug|x64
		{08FED1A3-87A6-427C-8523-C33D70FF289B}.Debug|x64.Build.0 = Debug|x64
		{08FED1A3-87A6-427C-8523-C33D70FF289B}.Release|x64.ActiveCfg = Release|x64
		{08FED1A3-87A6-427C-8523-C33D70FF289B}.Release|x64.Build.0 = Release|x64
		{099CC3CA-C422-42D9-BFDF-D0E46BA12635}.Debug|x64.ActiveCfg = Debug|x64
		{099CC3CA-C422-42D9-BFDF-D0E46BA12635}.Debug|x64.Build.0 = Debug|x64
		{099CC3CA-C422-42D9-BFDF-D0E46BA12635}.Release|x64.ActiveCfg = Release|x64
		{099CC3CA-C422-42D9-BFDF-D0E46BA12635}.Release|x64.Build.0 = Release|x64
	EndGlobalSection
	GlobalSection(SolutionProperties) = preSolution
		HideSolutionNode = FALSE
	EndGlobalSection
	GlobalSection(NestedProjects) = preSolution
		{52B0763B-B3FF-36D4-86B1-7C112BFB02B1} = {AC56B555-8F5B-401D-8841-17607DB8A617}
		{DF191189-DE10-323A-ADD1-63923D7F21F0} = {AC56B555-8F5B-401D-8841-17607DB8A617}
		{5518EFF9-1BA4-410E-9500-1195FBA604B6} = {E08554BE-9528-4D82-8D32-1D4301BE1AEA}
		{CE35F6AF-18C1-3626-97DC-664673CC99CB} = {5518EFF9-1BA4-410E-9500-1195FBA604B6}
		{BD353862-FE43-3D7F-A149-50E3F681EA1A} = {5518EFF9-1BA4-410E-9500-1195FBA604B6}
		{AC56B555-8F5B-401D-8841-17607DB8A617} = {E08554BE-9528-4D82-8D32-1D4301BE1AEA}
		{38491DBA-9FD5-3551-9BAF-995D00F55E8E} = {9DEEF96A-E47F-45FB-A580-037811462283}
		{F08064D1-D984-38DB-94E1-C24578CD8611} = {9DEEF96A-E47F-45FB-A580-037811462283}
		{D13EEA51-769B-3D07-9B3F-1F88F926A1FB} = {9DEEF96A-E47F-45FB-A580-037811462283}
		{BDE15330-7481-3050-BED4-31AEAA8B346E} = {9DEEF96A-E47F-45FB-A580-037811462283}
		{87306063-DC07-3908-8B60-0C24EF221C3E} = {9DEEF96A-E47F-45FB-A580-037811462283}
		{B1E03378-6D10-3E15-B51A-92E3013431E6} = {9DEEF96A-E47F-45FB-A580-037811462283}
		{6D4EE56B-B442-372F-90B6-521F14A757DB} = {9DEEF96A-E47F-45FB-A580-037811462283}
		{703D71DE-63D6-4D30-9025-982ACBAF68A4} = {82EF453B-4E54-4F85-8971-BA5EC8C0EBD0}
		{C10D82DB-45B3-3A11-9DCF-AAC1C9AA50D8} = {703D71DE-63D6-4D30-9025-982ACBAF68A4}
		{08B706DC-6001-3DB5-B77C-2D9E38C8A719} = {703D71DE-63D6-4D30-9025-982ACBAF68A4}
		{40897C47-4598-3473-94BF-15CC648A76BB} = {703D71DE-63D6-4D30-9025-982ACBAF68A4}
		{C9390A50-92AB-3348-8CD8-D187FA43F38D} = {703D71DE-63D6-4D30-9025-982ACBAF68A4}
		{A6650BE8-3970-4B16-96DD-D4D936B8A862} = {5518EFF9-1BA4-410E-9500-1195FBA604B6}
		{B052D9C7-1211-4890-A3DE-61A2412B6D46} = {E08554BE-9528-4D82-8D32-1D4301BE1AEA}
		{CBA57C31-6A64-4B51-B22E-5B820B021322} = {B052D9C7-1211-4890-A3DE-61A2412B6D46}
		{166D77AD-E70D-3668-A955-DA35FDE667C3} = {B052D9C7-1211-4890-A3DE-61A2412B6D46}
		{7756C8B3-B2B2-32F0-A5E3-8639393C9EDC} = {B052D9C7-1211-4890-A3DE-61A2412B6D46}
		{5557D8AD-148B-3DCF-A21A-C40A975EF5B0} = {B052D9C7-1211-4890-A3DE-61A2412B6D46}
		{90DE5FFB-13AA-3A1E-A532-3639A1B17358} = {B052D9C7-1211-4890-A3DE-61A2412B6D46}
		{A78DCBC4-077B-4884-A7F4-D9AF70EDB538} = {B052D9C7-1211-4890-A3DE-61A2412B6D46}
		{E57F3EEF-6481-4F76-B17F-2F9AF3357700} = {82EF453B-4E54-4F85-8971-BA5EC8C0EBD0}
		{9DEEF96A-E47F-45FB-A580-037811462283} = {82EF453B-4E54-4F85-8971-BA5EC8C0EBD0}
		{08FED1A3-87A6-427C-8523-C33D70FF289B} = {E57F3EEF-6481-4F76-B17F-2F9AF3357700}
		{099CC3CA-C422-42D9-BFDF-D0E46BA12635} = {E57F3EEF-6481-4F76-B17F-2F9AF3357700}
	EndGlobalSection
	GlobalSection(ExtensibilityGlobals) = postSolution
		SolutionGuid = {7B41CC7A-C507-3FBC-8585-6C80CD4AE782}
	EndGlobalSection
EndGlobal
